
Microsoft Visual Studio Solution File, Format Version 12.00
# Visual Studio Version 17
VisualStudioVersion = 17.9.34622.214
MinimumVisualStudioVersion = 10.0.40219.1
Project("{FAE04EC0-301F-11D3-BF4B-00C04F79EFBC}") = "Task1", "Task1\Task1.csproj", "{D125AE29-5040-4DBE-87FF-EDFDA8E229E6}"
EndProject
Project("{FAE04EC0-301F-11D3-BF4B-00C04F79EFBC}") = "Task2", "Task2\Task2.csproj", "{D4B48804-96B7-4663-B178-B1BB4E8F1672}"
EndProject
Project("{FAE04EC0-301F-11D3-BF4B-00C04F79EFBC}") = "Task3", "Task3\Task3.csproj", "{F1AC3F8F-22BD-498D-AD96-269AC69B62C5}"
EndProject
Global
	GlobalSection(SolutionConfigurationPlatforms) = preSolution
		Debug|Any CPU = Debug|Any CPU
		Release|Any CPU = Release|Any CPU
	EndGlobalSection
	GlobalSection(ProjectConfigurationPlatforms) = postSolution
		{D125AE29-5040-4DBE-87FF-EDFDA8E229E6}.Debug|Any CPU.ActiveCfg = Debug|Any CPU
		{D125AE29-5040-4DBE-87FF-EDFDA8E229E6}.Debug|Any CPU.Build.0 = Debug|Any CPU
		{D125AE29-5040-4DBE-87FF-EDFDA8E229E6}.Release|Any CPU.ActiveCfg = Release|Any CPU
		{D125AE29-5040-4DBE-87FF-EDFDA8E229E6}.Release|Any CPU.Build.0 = Release|Any CPU
		{D4B48804-96B7-4663-B178-B1BB4E8F1672}.Debug|Any CPU.ActiveCfg = Debug|Any CPU
		{D4B48804-96B7-4663-B178-B1BB4E8F1672}.Debug|Any CPU.Build.0 = Debug|Any CPU
		{D4B48804-96B7-4663-B178-B1BB4E8F1672}.Release|Any CPU.ActiveCfg = Release|Any CPU
		{D4B48804-96B7-4663-B178-B1BB4E8F1672}.Release|Any CPU.Build.0 = Release|Any CPU
		{F1AC3F8F-22BD-498D-AD96-269AC69B62C5}.Debug|Any CPU.ActiveCfg = Debug|Any CPU
		{F1AC3F8F-22BD-498D-AD96-269AC69B62C5}.Debug|Any CPU.Build.0 = Debug|Any CPU
		{F1AC3F8F-22BD-498D-AD96-269AC69B62C5}.Release|Any CPU.ActiveCfg = Release|Any CPU
		{F1AC3F8F-22BD-498D-AD96-269AC69B62C5}.Release|Any CPU.Build.0 = Release|Any CPU
	EndGlobalSection
	GlobalSection(SolutionProperties) = preSolution
		HideSolutionNode = FALSE
	EndGlobalSection
	GlobalSection(ExtensibilityGlobals) = postSolution
		SolutionGuid = {E7E17F6D-C765-40E6-8787-44DF101E04F3}
	EndGlobalSection
EndGlobal
