
Microsoft Visual Studio Solution File, Format Version 12.00
# Visual Studio Version 17
VisualStudioVersion = 17.9.34622.214
MinimumVisualStudioVersion = 10.0.40219.1
Project("{9A19103F-16F7-4668-BE54-9A1E7A4F7556}") = "TimeTrackingApp", "TimeTrackingApp\TimeTrackingApp.csproj", "{0FAADE1E-0F53-4CD6-B5C0-605F161062D7}"
EndProject
Project("{9A19103F-16F7-4668-BE54-9A1E7A4F7556}") = "TimeTrackingApp.Domain", "TimeTrackingApp.Domain\TimeTrackingApp.Domain.csproj", "{90937919-45E5-40C8-80CA-AA9877ECDBAE}"
EndProject
Project("{FAE04EC0-301F-11D3-BF4B-00C04F79EFBC}") = "TimeTrackingApp.Services", "TimeTrackingApp.Services\TimeTrackingApp.Services.csproj", "{73BDE452-6880-4D99-96CB-55E82C836378}"
EndProject
Global
	GlobalSection(SolutionConfigurationPlatforms) = preSolution
		Debug|Any CPU = Debug|Any CPU
		Release|Any CPU = Release|Any CPU
	EndGlobalSection
	GlobalSection(ProjectConfigurationPlatforms) = postSolution
		{0FAADE1E-0F53-4CD6-B5C0-605F161062D7}.Debug|Any CPU.ActiveCfg = Debug|Any CPU
		{0FAADE1E-0F53-4CD6-B5C0-605F161062D7}.Debug|Any CPU.Build.0 = Debug|Any CPU
		{0FAADE1E-0F53-4CD6-B5C0-605F161062D7}.Release|Any CPU.ActiveCfg = Release|Any CPU
		{0FAADE1E-0F53-4CD6-B5C0-605F161062D7}.Release|Any CPU.Build.0 = Release|Any CPU
		{90937919-45E5-40C8-80CA-AA9877ECDBAE}.Debug|Any CPU.ActiveCfg = Debug|Any CPU
		{90937919-45E5-40C8-80CA-AA9877ECDBAE}.Debug|Any CPU.Build.0 = Debug|Any CPU
		{90937919-45E5-40C8-80CA-AA9877ECDBAE}.Release|Any CPU.ActiveCfg = Release|Any CPU
		{90937919-45E5-40C8-80CA-AA9877ECDBAE}.Release|Any CPU.Build.0 = Release|Any CPU
		{73BDE452-6880-4D99-96CB-55E82C836378}.Debug|Any CPU.ActiveCfg = Debug|Any CPU
		{73BDE452-6880-4D99-96CB-55E82C836378}.Debug|Any CPU.Build.0 = Debug|Any CPU
		{73BDE452-6880-4D99-96CB-55E82C836378}.Release|Any CPU.ActiveCfg = Release|Any CPU
		{73BDE452-6880-4D99-96CB-55E82C836378}.Release|Any CPU.Build.0 = Release|Any CPU
	EndGlobalSection
	GlobalSection(SolutionProperties) = preSolution
		HideSolutionNode = FALSE
	EndGlobalSection
	GlobalSection(ExtensibilityGlobals) = postSolution
		SolutionGuid = {C56C0F7E-79DB-4A38-8863-D2D867038C0C}
	EndGlobalSection
EndGlobal
