
Microsoft Visual Studio Solution File, Format Version 12.00
# Visual Studio Version 17
VisualStudioVersion = 17.9.34622.214
MinimumVisualStudioVersion = 10.0.40219.1
Project("{9A19103F-16F7-4668-BE54-9A1E7A4F7556}") = "Task1", "Task1\Task1.csproj", "{9C5B0EC5-2C9F-49B5-BF8F-0B3962B90632}"
EndProject
Project("{9A19103F-16F7-4668-BE54-9A1E7A4F7556}") = "Task2", "Task2\Task2.csproj", "{874A8183-D2F4-4309-84A9-D8E995A4B3CA}"
EndProject
Project("{9A19103F-16F7-4668-BE54-9A1E7A4F7556}") = "Task3", "Task3\Task3.csproj", "{9F9D2E61-253A-44F9-95B0-EC34253FD7C2}"
EndProject
Project("{9A19103F-16F7-4668-BE54-9A1E7A4F7556}") = "Bonus", "Bonus\Bonus.csproj", "{8BC32C97-4FB6-4E48-BEB1-91014C74DE91}"
EndProject
Global
	GlobalSection(SolutionConfigurationPlatforms) = preSolution
		Debug|Any CPU = Debug|Any CPU
		Release|Any CPU = Release|Any CPU
	EndGlobalSection
	GlobalSection(ProjectConfigurationPlatforms) = postSolution
		{9C5B0EC5-2C9F-49B5-BF8F-0B3962B90632}.Debug|Any CPU.ActiveCfg = Debug|Any CPU
		{9C5B0EC5-2C9F-49B5-BF8F-0B3962B90632}.Debug|Any CPU.Build.0 = Debug|Any CPU
		{9C5B0EC5-2C9F-49B5-BF8F-0B3962B90632}.Release|Any CPU.ActiveCfg = Release|Any CPU
		{9C5B0EC5-2C9F-49B5-BF8F-0B3962B90632}.Release|Any CPU.Build.0 = Release|Any CPU
		{874A8183-D2F4-4309-84A9-D8E995A4B3CA}.Debug|Any CPU.ActiveCfg = Debug|Any CPU
		{874A8183-D2F4-4309-84A9-D8E995A4B3CA}.Debug|Any CPU.Build.0 = Debug|Any CPU
		{874A8183-D2F4-4309-84A9-D8E995A4B3CA}.Release|Any CPU.ActiveCfg = Release|Any CPU
		{874A8183-D2F4-4309-84A9-D8E995A4B3CA}.Release|Any CPU.Build.0 = Release|Any CPU
		{9F9D2E61-253A-44F9-95B0-EC34253FD7C2}.Debug|Any CPU.ActiveCfg = Debug|Any CPU
		{9F9D2E61-253A-44F9-95B0-EC34253FD7C2}.Debug|Any CPU.Build.0 = Debug|Any CPU
		{9F9D2E61-253A-44F9-95B0-EC34253FD7C2}.Release|Any CPU.ActiveCfg = Release|Any CPU
		{9F9D2E61-253A-44F9-95B0-EC34253FD7C2}.Release|Any CPU.Build.0 = Release|Any CPU
		{8BC32C97-4FB6-4E48-BEB1-91014C74DE91}.Debug|Any CPU.ActiveCfg = Debug|Any CPU
		{8BC32C97-4FB6-4E48-BEB1-91014C74DE91}.Debug|Any CPU.Build.0 = Debug|Any CPU
		{8BC32C97-4FB6-4E48-BEB1-91014C74DE91}.Release|Any CPU.ActiveCfg = Release|Any CPU
		{8BC32C97-4FB6-4E48-BEB1-91014C74DE91}.Release|Any CPU.Build.0 = Release|Any CPU
	EndGlobalSection
	GlobalSection(SolutionProperties) = preSolution
		HideSolutionNode = FALSE
	EndGlobalSection
	GlobalSection(ExtensibilityGlobals) = postSolution
		SolutionGuid = {FA71293A-CB8C-49FB-BCC6-2C330C3A97A6}
	EndGlobalSection
EndGlobal
