
Microsoft Visual Studio Solution File, Format Version 12.00
# Visual Studio Version 17
VisualStudioVersion = 17.9.34622.214
MinimumVisualStudioVersion = 10.0.40219.1
Project("{FAE04EC0-301F-11D3-BF4B-00C04F79EFBC}") = "GameApp", "GameApp\GameApp.csproj", "{408ACB87-2C23-4257-9AB7-C405E619FEBA}"
EndProject
Global
	GlobalSection(SolutionConfigurationPlatforms) = preSolution
		Debug|Any CPU = Debug|Any CPU
		Release|Any CPU = Release|Any CPU
	EndGlobalSection
	GlobalSection(ProjectConfigurationPlatforms) = postSolution
		{408ACB87-2C23-4257-9AB7-C405E619FEBA}.Debug|Any CPU.ActiveCfg = Debug|Any CPU
		{408ACB87-2C23-4257-9AB7-C405E619FEBA}.Debug|Any CPU.Build.0 = Debug|Any CPU
		{408ACB87-2C23-4257-9AB7-C405E619FEBA}.Release|Any CPU.ActiveCfg = Release|Any CPU
		{408ACB87-2C23-4257-9AB7-C405E619FEBA}.Release|Any CPU.Build.0 = Release|Any CPU
	EndGlobalSection
	GlobalSection(SolutionProperties) = preSolution
		HideSolutionNode = FALSE
	EndGlobalSection
	GlobalSection(ExtensibilityGlobals) = postSolution
		SolutionGuid = {3EE35A19-8AAF-4590-A3A1-376626E0AB0F}
	EndGlobalSection
EndGlobal
